// !$*UTF8*$!
{
	archiveVersion = 1;
	classes = {
	};
	objectVersion = 50;
	objects = {

/* Begin PBXBuildFile section */
		FDBAC686264F03F9005E8EF3 /* AppDelegate.swift in Sources */ = {isa = PBXBuildFile; fileRef = FDBAC685264F03F9005E8EF3 /* AppDelegate.swift */; };
		FDBAC688264F03F9005E8EF3 /* SceneDelegate.swift in Sources */ = {isa = PBXBuildFile; fileRef = FDBAC687264F03F9005E8EF3 /* SceneDelegate.swift */; };
		FDBAC68A264F03F9005E8EF3 /* ViewController.swift in Sources */ = {isa = PBXBuildFile; fileRef = FDBAC689264F03F9005E8EF3 /* ViewController.swift */; };
		FDBAC68D264F03F9005E8EF3 /* Main.storyboard in Resources */ = {isa = PBXBuildFile; fileRef = FDBAC68B264F03F9005E8EF3 /* Main.storyboard */; };
		FDBAC690264F03F9005E8EF3 /* Customer24.xcdatamodeld in Sources */ = {isa = PBXBuildFile; fileRef = FDBAC68E264F03F9005E8EF3 /* Customer24.xcdatamodeld */; };
		FDBAC692264F03FB005E8EF3 /* Assets.xcassets in Resources */ = {isa = PBXBuildFile; fileRef = FDBAC691264F03FB005E8EF3 /* Assets.xcassets */; };
		FDBAC695264F03FB005E8EF3 /* LaunchScreen.storyboard in Resources */ = {isa = PBXBuildFile; fileRef = FDBAC693264F03FB005E8EF3 /* LaunchScreen.storyboard */; };
		FDBAC6A0264F03FC005E8EF3 /* Customer24Tests.swift in Sources */ = {isa = PBXBuildFile; fileRef = FDBAC69F264F03FC005E8EF3 /* Customer24Tests.swift */; };
		FDBAC6AB264F03FC005E8EF3 /* Customer24UITests.swift in Sources */ = {isa = PBXBuildFile; fileRef = FDBAC6AA264F03FC005E8EF3 /* Customer24UITests.swift */; };
/* End PBXBuildFile section */

/* Begin PBXContainerItemProxy section */
		FDBAC69C264F03FB005E8EF3 /* PBXContainerItemProxy */ = {
			isa = PBXContainerItemProxy;
			containerPortal = FDBAC67A264F03F9005E8EF3 /* Project object */;
			proxyType = 1;
			remoteGlobalIDString = FDBAC681264F03F9005E8EF3;
			remoteInfo = Customer24;
		};
		FDBAC6A7264F03FC005E8EF3 /* PBXContainerItemProxy */ = {
			isa = PBXContainerItemProxy;
			containerPortal = FDBAC67A264F03F9005E8EF3 /* Project object */;
			proxyType = 1;
			remoteGlobalIDString = FDBAC681264F03F9005E8EF3;
			remoteInfo = Customer24;
		};
/* End PBXContainerItemProxy section */

/* Begin PBXFileReference section */
		FDBAC682264F03F9005E8EF3 /* Customer24.app */ = {isa = PBXFileReference; explicitFileType = wrapper.application; includeInIndex = 0; path = Customer24.app; sourceTree = BUILT_PRODUCTS_DIR; };
		FDBAC685264F03F9005E8EF3 /* AppDelegate.swift */ = {isa = PBXFileReference; lastKnownFileType = sourcecode.swift; path = AppDelegate.swift; sourceTree = "<group>"; };
		FDBAC687264F03F9005E8EF3 /* SceneDelegate.swift */ = {isa = PBXFileReference; lastKnownFileType = sourcecode.swift; path = SceneDelegate.swift; sourceTree = "<group>"; };
		FDBAC689264F03F9005E8EF3 /* ViewController.swift */ = {isa = PBXFileReference; lastKnownFileType = sourcecode.swift; path = ViewController.swift; sourceTree = "<group>"; };
		FDBAC68C264F03F9005E8EF3 /* Base */ = {isa = PBXFileReference; lastKnownFileType = file.storyboard; name = Base; path = Base.lproj/Main.storyboard; sourceTree = "<group>"; };
		FDBAC68F264F03F9005E8EF3 /* Customer24.xcdatamodel */ = {isa = PBXFileReference; lastKnownFileType = wrapper.xcdatamodel; path = Customer24.xcdatamodel; sourceTree = "<group>"; };
		FDBAC691264F03FB005E8EF3 /* Assets.xcassets */ = {isa = PBXFileReference; lastKnownFileType = folder.assetcatalog; path = Assets.xcassets; sourceTree = "<group>"; };
		FDBAC694264F03FB005E8EF3 /* Base */ = {isa = PBXFileReference; lastKnownFileType = file.storyboard; name = Base; path = Base.lproj/LaunchScreen.storyboard; sourceTree = "<group>"; };
		FDBAC696264F03FB005E8EF3 /* Info.plist */ = {isa = PBXFileReference; lastKnownFileType = text.plist.xml; path = Info.plist; sourceTree = "<group>"; };
		FDBAC69B264F03FB005E8EF3 /* Customer24Tests.xctest */ = {isa = PBXFileReference; explicitFileType = wrapper.cfbundle; includeInIndex = 0; path = Customer24Tests.xctest; sourceTree = BUILT_PRODUCTS_DIR; };
		FDBAC69F264F03FC005E8EF3 /* Customer24Tests.swift */ = {isa = PBXFileReference; lastKnownFileType = sourcecode.swift; path = Customer24Tests.swift; sourceTree = "<group>"; };
		FDBAC6A1264F03FC005E8EF3 /* Info.plist */ = {isa = PBXFileReference; lastKnownFileType = text.plist.xml; path = Info.plist; sourceTree = "<group>"; };
		FDBAC6A6264F03FC005E8EF3 /* Customer24UITests.xctest */ = {isa = PBXFileReference; explicitFileType = wrapper.cfbundle; includeInIndex = 0; path = Customer24UITests.xctest; sourceTree = BUILT_PRODUCTS_DIR; };
		FDBAC6AA264F03FC005E8EF3 /* Customer24UITests.swift */ = {isa = PBXFileReference; lastKnownFileType = sourcecode.swift; path = Customer24UITests.swift; sourceTree = "<group>"; };
		FDBAC6AC264F03FC005E8EF3 /* Info.plist */ = {isa = PBXFileReference; lastKnownFileType = text.plist.xml; path = Info.plist; sourceTree = "<group>"; };
/* End PBXFileReference section */

/* Begin PBXFrameworksBuildPhase section */
		FDBAC67F264F03F9005E8EF3 /* Frameworks */ = {
			isa = PBXFrameworksBuildPhase;
			buildActionMask = 2147483647;
			files = (
			);
			runOnlyForDeploymentPostprocessing = 0;
		};
		FDBAC698264F03FB005E8EF3 /* Frameworks */ = {
			isa = PBXFrameworksBuildPhase;
			buildActionMask = 2147483647;
			files = (
			);
			runOnlyForDeploymentPostprocessing = 0;
		};
		FDBAC6A3264F03FC005E8EF3 /* Frameworks */ = {
			isa = PBXFrameworksBuildPhase;
			buildActionMask = 2147483647;
			files = (
			);
			runOnlyForDeploymentPostprocessing = 0;
		};
/* End PBXFrameworksBuildPhase section */

/* Begin PBXGroup section */
		FDBAC679264F03F9005E8EF3 = {
			isa = PBXGroup;
			children = (
				FDBAC684264F03F9005E8EF3 /* Customer24 */,
				FDBAC69E264F03FB005E8EF3 /* Customer24Tests */,
				FDBAC6A9264F03FC005E8EF3 /* Customer24UITests */,
				FDBAC683264F03F9005E8EF3 /* Products */,
			);
			sourceTree = "<group>";
		};
		FDBAC683264F03F9005E8EF3 /* Products */ = {
			isa = PBXGroup;
			children = (
				FDBAC682264F03F9005E8EF3 /* Customer24.app */,
				FDBAC69B264F03FB005E8EF3 /* Customer24Tests.xctest */,
				FDBAC6A6264F03FC005E8EF3 /* Customer24UITests.xctest */,
			);
			name = Products;
			sourceTree = "<group>";
		};
		FDBAC684264F03F9005E8EF3 /* Customer24 */ = {
			isa = PBXGroup;
			children = (
				FDBAC685264F03F9005E8EF3 /* AppDelegate.swift */,
				FDBAC687264F03F9005E8EF3 /* SceneDelegate.swift */,
				FDBAC689264F03F9005E8EF3 /* ViewController.swift */,
				FDBAC68B264F03F9005E8EF3 /* Main.storyboard */,
				FDBAC691264F03FB005E8EF3 /* Assets.xcassets */,
				FDBAC693264F03FB005E8EF3 /* LaunchScreen.storyboard */,
				FDBAC696264F03FB005E8EF3 /* Info.plist */,
				FDBAC68E264F03F9005E8EF3 /* Customer24.xcdatamodeld */,
			);
			path = Customer24;
			sourceTree = "<group>";
		};
		FDBAC69E264F03FB005E8EF3 /* Customer24Tests */ = {
			isa = PBXGroup;
			children = (
				FDBAC69F264F03FC005E8EF3 /* Customer24Tests.swift */,
				FDBAC6A1264F03FC005E8EF3 /* Info.plist */,
			);
			path = Customer24Tests;
			sourceTree = "<group>";
		};
		FDBAC6A9264F03FC005E8EF3 /* Customer24UITests */ = {
			isa = PBXGroup;
			children = (
				FDBAC6AA264F03FC005E8EF3 /* Customer24UITests.swift */,
				FDBAC6AC264F03FC005E8EF3 /* Info.plist */,
			);
			path = Customer24UITests;
			sourceTree = "<group>";
		};
/* End PBXGroup section */

/* Begin PBXNativeTarget section */
		FDBAC681264F03F9005E8EF3 /* Customer24 */ = {
			isa = PBXNativeTarget;
			buildConfigurationList = FDBAC6AF264F03FC005E8EF3 /* Build configuration list for PBXNativeTarget "Customer24" */;
			buildPhases = (
				FDBAC67E264F03F9005E8EF3 /* Sources */,
				FDBAC67F264F03F9005E8EF3 /* Frameworks */,
				FDBAC680264F03F9005E8EF3 /* Resources */,
			);
			buildRules = (
			);
			dependencies = (
			);
			name = Customer24;
			productName = Customer24;
			productReference = FDBAC682264F03F9005E8EF3 /* Customer24.app */;
			productType = "com.apple.product-type.application";
		};
		FDBAC69A264F03FB005E8EF3 /* Customer24Tests */ = {
			isa = PBXNativeTarget;
			buildConfigurationList = FDBAC6B2264F03FC005E8EF3 /* Build configuration list for PBXNativeTarget "Customer24Tests" */;
			buildPhases = (
				FDBAC697264F03FB005E8EF3 /* Sources */,
				FDBAC698264F03FB005E8EF3 /* Frameworks */,
				FDBAC699264F03FB005E8EF3 /* Resources */,
			);
			buildRules = (
			);
			dependencies = (
				FDBAC69D264F03FB005E8EF3 /* PBXTargetDependency */,
			);
			name = Customer24Tests;
			productName = Customer24Tests;
			productReference = FDBAC69B264F03FB005E8EF3 /* Customer24Tests.xctest */;
			productType = "com.apple.product-type.bundle.unit-test";
		};
		FDBAC6A5264F03FC005E8EF3 /* Customer24UITests */ = {
			isa = PBXNativeTarget;
			buildConfigurationList = FDBAC6B5264F03FC005E8EF3 /* Build configuration list for PBXNativeTarget "Customer24UITests" */;
			buildPhases = (
				FDBAC6A2264F03FC005E8EF3 /* Sources */,
				FDBAC6A3264F03FC005E8EF3 /* Frameworks */,
				FDBAC6A4264F03FC005E8EF3 /* Resources */,
			);
			buildRules = (
			);
			dependencies = (
				FDBAC6A8264F03FC005E8EF3 /* PBXTargetDependency */,
			);
			name = Customer24UITests;
			productName = Customer24UITests;
			productReference = FDBAC6A6264F03FC005E8EF3 /* Customer24UITests.xctest */;
			productType = "com.apple.product-type.bundle.ui-testing";
		};
/* End PBXNativeTarget section */

/* Begin PBXProject section */
		FDBAC67A264F03F9005E8EF3 /* Project object */ = {
			isa = PBXProject;
			attributes = {
				LastSwiftUpdateCheck = 1230;
				LastUpgradeCheck = 1230;
				TargetAttributes = {
					FDBAC681264F03F9005E8EF3 = {
						CreatedOnToolsVersion = 12.3;
					};
					FDBAC69A264F03FB005E8EF3 = {
						CreatedOnToolsVersion = 12.3;
						TestTargetID = FDBAC681264F03F9005E8EF3;
					};
					FDBAC6A5264F03FC005E8EF3 = {
						CreatedOnToolsVersion = 12.3;
						TestTargetID = FDBAC681264F03F9005E8EF3;
					};
				};
			};
			buildConfigurationList = FDBAC67D264F03F9005E8EF3 /* Build configuration list for PBXProject "Customer24" */;
			compatibilityVersion = "Xcode 9.3";
			developmentRegion = en;
			hasScannedForEncodings = 0;
			knownRegions = (
				en,
				Base,
			);
			mainGroup = FDBAC679264F03F9005E8EF3;
			productRefGroup = FDBAC683264F03F9005E8EF3 /* Products */;
			projectDirPath = "";
			projectRoot = "";
			targets = (
				FDBAC681264F03F9005E8EF3 /* Customer24 */,
				FDBAC69A264F03FB005E8EF3 /* Customer24Tests */,
				FDBAC6A5264F03FC005E8EF3 /* Customer24UITests */,
			);
		};
/* End PBXProject section */

/* Begin PBXResourcesBuildPhase section */
		FDBAC680264F03F9005E8EF3 /* Resources */ = {
			isa = PBXResourcesBuildPhase;
			buildActionMask = 2147483647;
			files = (
				FDBAC695264F03FB005E8EF3 /* LaunchScreen.storyboard in Resources */,
				FDBAC692264F03FB005E8EF3 /* Assets.xcassets in Resources */,
				FDBAC68D264F03F9005E8EF3 /* Main.storyboard in Resources */,
			);
			runOnlyForDeploymentPostprocessing = 0;
		};
		FDBAC699264F03FB005E8EF3 /* Resources */ = {
			isa = PBXResourcesBuildPhase;
			buildActionMask = 2147483647;
			files = (
			);
			runOnlyForDeploymentPostprocessing = 0;
		};
		FDBAC6A4264F03FC005E8EF3 /* Resources */ = {
			isa = PBXResourcesBuildPhase;
			buildActionMask = 2147483647;
			files = (
			);
			runOnlyForDeploymentPostprocessing = 0;
		};
/* End PBXResourcesBuildPhase section */

/* Begin PBXSourcesBuildPhase section */
		FDBAC67E264F03F9005E8EF3 /* Sources */ = {
			isa = PBXSourcesBuildPhase;
			buildActionMask = 2147483647;
			files = (
				FDBAC68A264F03F9005E8EF3 /* ViewController.swift in Sources */,
				FDBAC686264F03F9005E8EF3 /* AppDelegate.swift in Sources */,
				FDBAC688264F03F9005E8EF3 /* SceneDelegate.swift in Sources */,
				FDBAC690264F03F9005E8EF3 /* Customer24.xcdatamodeld in Sources */,
			);
			runOnlyForDeploymentPostprocessing = 0;
		};
		FDBAC697264F03FB005E8EF3 /* Sources */ = {
			isa = PBXSourcesBuildPhase;
			buildActionMask = 2147483647;
			files = (
				FDBAC6A0264F03FC005E8EF3 /* Customer24Tests.swift in Sources */,
			);
			runOnlyForDeploymentPostprocessing = 0;
		};
		FDBAC6A2264F03FC005E8EF3 /* Sources */ = {
			isa = PBXSourcesBuildPhase;
			buildActionMask = 2147483647;
			files = (
				FDBAC6AB264F03FC005E8EF3 /* Customer24UITests.swift in Sources */,
			);
			runOnlyForDeploymentPostprocessing = 0;
		};
/* End PBXSourcesBuildPhase section */

/* Begin PBXTargetDependency section */
		FDBAC69D264F03FB005E8EF3 /* PBXTargetDependency */ = {
			isa = PBXTargetDependency;
			target = FDBAC681264F03F9005E8EF3 /* Customer24 */;
			targetProxy = FDBAC69C264F03FB005E8EF3 /* PBXContainerItemProxy */;
		};
		FDBAC6A8264F03FC005E8EF3 /* PBXTargetDependency */ = {
			isa = PBXTargetDependency;
			target = FDBAC681264F03F9005E8EF3 /* Customer24 */;
			targetProxy = FDBAC6A7264F03FC005E8EF3 /* PBXContainerItemProxy */;
		};
/* End PBXTargetDependency section */

/* Begin PBXVariantGroup section */
		FDBAC68B264F03F9005E8EF3 /* Main.storyboard */ = {
			isa = PBXVariantGroup;
			children = (
				FDBAC68C264F03F9005E8EF3 /* Base */,
			);
			name = Main.storyboard;
			sourceTree = "<group>";
		};
		FDBAC693264F03FB005E8EF3 /* LaunchScreen.storyboard */ = {
			isa = PBXVariantGroup;
			children = (
				FDBAC694264F03FB005E8EF3 /* Base */,
			);
			name = LaunchScreen.storyboard;
			sourceTree = "<group>";
		};
/* End PBXVariantGroup section */

/* Begin XCBuildConfiguration section */
		FDBAC6AD264F03FC005E8EF3 /* Debug */ = {
			isa = XCBuildConfiguration;
			buildSettings = {
				ALWAYS_SEARCH_USER_PATHS = NO;
				CLANG_ANALYZER_NONNULL = YES;
				CLANG_ANALYZER_NUMBER_OBJECT_CONVERSION = YES_AGGRESSIVE;
				CLANG_CXX_LANGUAGE_STANDARD = "gnu++14";
				CLANG_CXX_LIBRARY = "libc++";
				CLANG_ENABLE_MODULES = YES;
				CLANG_ENABLE_OBJC_ARC = YES;
				CLANG_ENABLE_OBJC_WEAK = YES;
				CLANG_WARN_BLOCK_CAPTURE_AUTORELEASING = YES;
				CLANG_WARN_BOOL_CONVERSION = YES;
				CLANG_WARN_COMMA = YES;
				CLANG_WARN_CONSTANT_CONVERSION = YES;
				CLANG_WARN_DEPRECATED_OBJC_IMPLEMENTATIONS = YES;
				CLANG_WARN_DIRECT_OBJC_ISA_USAGE = YES_ERROR;
				CLANG_WARN_DOCUMENTATION_COMMENTS = YES;
				CLANG_WARN_EMPTY_BODY = YES;
				CLANG_WARN_ENUM_CONVERSION = YES;
				CLANG_WARN_INFINITE_RECURSION = YES;
				CLANG_WARN_INT_CONVERSION = YES;
				CLANG_WARN_NON_LITERAL_NULL_CONVERSION = YES;
				CLANG_WARN_OBJC_IMPLICIT_RETAIN_SELF = YES;
				CLANG_WARN_OBJC_LITERAL_CONVERSION = YES;
				CLANG_WARN_OBJC_ROOT_CLASS = YES_ERROR;
				CLANG_WARN_QUOTED_INCLUDE_IN_FRAMEWORK_HEADER = YES;
				CLANG_WARN_RANGE_LOOP_ANALYSIS = YES;
				CLANG_WARN_STRICT_PROTOTYPES = YES;
				CLANG_WARN_SUSPICIOUS_MOVE = YES;
				CLANG_WARN_UNGUARDED_AVAILABILITY = YES_AGGRESSIVE;
				CLANG_WARN_UNREACHABLE_CODE = YES;
				CLANG_WARN__DUPLICATE_METHOD_MATCH = YES;
				COPY_PHASE_STRIP = NO;
				DEBUG_INFORMATION_FORMAT = dwarf;
				ENABLE_STRICT_OBJC_MSGSEND = YES;
				ENABLE_TESTABILITY = YES;
				GCC_C_LANGUAGE_STANDARD = gnu11;
				GCC_DYNAMIC_NO_PIC = NO;
				GCC_NO_COMMON_BLOCKS = YES;
				GCC_OPTIMIZATION_LEVEL = 0;
				GCC_PREPROCESSOR_DEFINITIONS = (
					"DEBUG=1",
					"$(inherited)",
				);
				GCC_WARN_64_TO_32_BIT_CONVERSION = YES;
				GCC_WARN_ABOUT_RETURN_TYPE = YES_ERROR;
				GCC_WARN_UNDECLARED_SELECTOR = YES;
				GCC_WARN_UNINITIALIZED_AUTOS = YES_AGGRESSIVE;
				GCC_WARN_UNUSED_FUNCTION = YES;
				GCC_WARN_UNUSED_VARIABLE = YES;
				IPHONEOS_DEPLOYMENT_TARGET = 14.3;
				MTL_ENABLE_DEBUG_INFO = INCLUDE_SOURCE;
				MTL_FAST_MATH = YES;
				ONLY_ACTIVE_ARCH = YES;
				SDKROOT = iphoneos;
				SWIFT_ACTIVE_COMPILATION_CONDITIONS = DEBUG;
				SWIFT_OPTIMIZATION_LEVEL = "-Onone";
			};
			name = Debug;
		};
		FDBAC6AE264F03FC005E8EF3 /* Release */ = {
			isa = XCBuildConfiguration;
			buildSettings = {
				ALWAYS_SEARCH_USER_PATHS = NO;
				CLANG_ANALYZER_NONNULL = YES;
				CLANG_ANALYZER_NUMBER_OBJECT_CONVERSION = YES_AGGRESSIVE;
				CLANG_CXX_LANGUAGE_STANDARD = "gnu++14";
				CLANG_CXX_LIBRARY = "libc++";
				CLANG_ENABLE_MODULES = YES;
				CLANG_ENABLE_OBJC_ARC = YES;
				CLANG_ENABLE_OBJC_WEAK = YES;
				CLANG_WARN_BLOCK_CAPTURE_AUTORELEASING = YES;
				CLANG_WARN_BOOL_CONVERSION = YES;
				CLANG_WARN_COMMA = YES;
				CLANG_WARN_CONSTANT_CONVERSION = YES;
				CLANG_WARN_DEPRECATED_OBJC_IMPLEMENTATIONS = YES;
				CLANG_WARN_DIRECT_OBJC_ISA_USAGE = YES_ERROR;
				CLANG_WARN_DOCUMENTATION_COMMENTS = YES;
				CLANG_WARN_EMPTY_BODY = YES;
				CLANG_WARN_ENUM_CONVERSION = YES;
				CLANG_WARN_INFINITE_RECURSION = YES;
				CLANG_WARN_INT_CONVERSION = YES;
				CLANG_WARN_NON_LITERAL_NULL_CONVERSION = YES;
				CLANG_WARN_OBJC_IMPLICIT_RETAIN_SELF = YES;
				CLANG_WARN_OBJC_LITERAL_CONVERSION = YES;
				CLANG_WARN_OBJC_ROOT_CLASS = YES_ERROR;
				CLANG_WARN_QUOTED_INCLUDE_IN_FRAMEWORK_HEADER = YES;
				CLANG_WARN_RANGE_LOOP_ANALYSIS = YES;
				CLANG_WARN_STRICT_PROTOTYPES = YES;
				CLANG_WARN_SUSPICIOUS_MOVE = YES;
				CLANG_WARN_UNGUARDED_AVAILABILITY = YES_AGGRESSIVE;
				CLANG_WARN_UNREACHABLE_CODE = YES;
				CLANG_WARN__DUPLICATE_METHOD_MATCH = YES;
				COPY_PHASE_STRIP = NO;
				DEBUG_INFORMATION_FORMAT = "dwarf-with-dsym";
				ENABLE_NS_ASSERTIONS = NO;
				ENABLE_STRICT_OBJC_MSGSEND = YES;
				GCC_C_LANGUAGE_STANDARD = gnu11;
				GCC_NO_COMMON_BLOCKS = YES;
				GCC_WARN_64_TO_32_BIT_CONVERSION = YES;
				GCC_WARN_ABOUT_RETURN_TYPE = YES_ERROR;
				GCC_WARN_UNDECLARED_SELECTOR = YES;
				GCC_WARN_UNINITIALIZED_AUTOS = YES_AGGRESSIVE;
				GCC_WARN_UNUSED_FUNCTION = YES;
				GCC_WARN_UNUSED_VARIABLE = YES;
				IPHONEOS_DEPLOYMENT_TARGET = 14.3;
				MTL_ENABLE_DEBUG_INFO = NO;
				MTL_FAST_MATH = YES;
				SDKROOT = iphoneos;
				SWIFT_COMPILATION_MODE = wholemodule;
				SWIFT_OPTIMIZATION_LEVEL = "-O";
				VALIDATE_PRODUCT = YES;
			};
			name = Release;
		};
		FDBAC6B0264F03FC005E8EF3 /* Debug */ = {
			isa = XCBuildConfiguration;
			buildSettings = {
				ASSETCATALOG_COMPILER_APPICON_NAME = AppIcon;
				ASSETCATALOG_COMPILER_GLOBAL_ACCENT_COLOR_NAME = AccentColor;
				CODE_SIGN_STYLE = Automatic;
				DEVELOPMENT_TEAM = 2G3V3F2AL5;
				INFOPLIST_FILE = Customer24/Info.plist;
				LD_RUNPATH_SEARCH_PATHS = (
					"$(inherited)",
					"@executable_path/Frameworks",
				);
				PRODUCT_BUNDLE_IDENTIFIER = com.vozitcomp.Customer24;
				PRODUCT_NAME = "$(TARGET_NAME)";
				SWIFT_VERSION = 5.0;
				TARGETED_DEVICE_FAMILY = "1,2";
			};
			name = Debug;
		};
		FDBAC6B1264F03FC005E8EF3 /* Release */ = {
			isa = XCBuildConfiguration;
			buildSettings = {
				ASSETCATALOG_COMPILER_APPICON_NAME = AppIcon;
				ASSETCATALOG_COMPILER_GLOBAL_ACCENT_COLOR_NAME = AccentColor;
				CODE_SIGN_STYLE = Automatic;
				DEVELOPMENT_TEAM = 2G3V3F2AL5;
				INFOPLIST_FILE = Customer24/Info.plist;
				LD_RUNPATH_SEARCH_PATHS = (
					"$(inherited)",
					"@executable_path/Frameworks",
				);
				PRODUCT_BUNDLE_IDENTIFIER = com.vozitcomp.Customer24;
				PRODUCT_NAME = "$(TARGET_NAME)";
				SWIFT_VERSION = 5.0;
				TARGETED_DEVICE_FAMILY = "1,2";
			};
			name = Release;
		};
		FDBAC6B3264F03FC005E8EF3 /* Debug */ = {
			isa = XCBuildConfiguration;
			buildSettings = {
				ALWAYS_EMBED_SWIFT_STANDARD_LIBRARIES = YES;
				BUNDLE_LOADER = "$(TEST_HOST)";
				CODE_SIGN_STYLE = Automatic;
				DEVELOPMENT_TEAM = 2G3V3F2AL5;
				INFOPLIST_FILE = Customer24Tests/Info.plist;
				IPHONEOS_DEPLOYMENT_TARGET = 14.3;
				LD_RUNPATH_SEARCH_PATHS = (
					"$(inherited)",
					"@executable_path/Frameworks",
					"@loader_path/Frameworks",
				);
				PRODUCT_BUNDLE_IDENTIFIER = com.vozitcomp.Customer24Tests;
				PRODUCT_NAME = "$(TARGET_NAME)";
				SWIFT_VERSION = 5.0;
				TARGETED_DEVICE_FAMILY = "1,2";
				TEST_HOST = "$(BUILT_PRODUCTS_DIR)/Customer24.app/Customer24";
			};
			name = Debug;
		};
		FDBAC6B4264F03FC005E8EF3 /* Release */ = {
			isa = XCBuildConfiguration;
			buildSettings = {
				ALWAYS_EMBED_SWIFT_STANDARD_LIBRARIES = YES;
				BUNDLE_LOADER = "$(TEST_HOST)";
				CODE_SIGN_STYLE = Automatic;
				DEVELOPMENT_TEAM = 2G3V3F2AL5;
				INFOPLIST_FILE = Customer24Tests/Info.plist;
				IPHONEOS_DEPLOYMENT_TARGET = 14.3;
				LD_RUNPATH_SEARCH_PATHS = (
					"$(inherited)",
					"@executable_path/Frameworks",
					"@loader_path/Frameworks",
				);
				PRODUCT_BUNDLE_IDENTIFIER = com.vozitcomp.Customer24Tests;
				PRODUCT_NAME = "$(TARGET_NAME)";
				SWIFT_VERSION = 5.0;
				TARGETED_DEVICE_FAMILY = "1,2";
				TEST_HOST = "$(BUILT_PRODUCTS_DIR)/Customer24.app/Customer24";
			};
			name = Release;
		};
		FDBAC6B6264F03FC005E8EF3 /* Debug */ = {
			isa = XCBuildConfiguration;
			buildSettings = {
				ALWAYS_EMBED_SWIFT_STANDARD_LIBRARIES = YES;
				CODE_SIGN_STYLE = Automatic;
				DEVELOPMENT_TEAM = 2G3V3F2AL5;
				INFOPLIST_FILE = Customer24UITests/Info.plist;
				LD_RUNPATH_SEARCH_PATHS = (
					"$(inherited)",
					"@executable_path/Frameworks",
					"@loader_path/Frameworks",
				);
				PRODUCT_BUNDLE_IDENTIFIER = com.vozitcomp.Customer24UITests;
				PRODUCT_NAME = "$(TARGET_NAME)";
				SWIFT_VERSION = 5.0;
				TARGETED_DEVICE_FAMILY = "1,2";
				TEST_TARGET_NAME = Customer24;
			};
			name = Debug;
		};
		FDBAC6B7264F03FC005E8EF3 /* Release */ = {
			isa = XCBuildConfiguration;
			buildSettings = {
				ALWAYS_EMBED_SWIFT_STANDARD_LIBRARIES = YES;
				CODE_SIGN_STYLE = Automatic;
				DEVELOPMENT_TEAM = 2G3V3F2AL5;
				INFOPLIST_FILE = Customer24UITests/Info.plist;
				LD_RUNPATH_SEARCH_PATHS = (
					"$(inherited)",
					"@executable_path/Frameworks",
					"@loader_path/Frameworks",
				);
				PRODUCT_BUNDLE_IDENTIFIER = com.vozitcomp.Customer24UITests;
				PRODUCT_NAME = "$(TARGET_NAME)";
				SWIFT_VERSION = 5.0;
				TARGETED_DEVICE_FAMILY = "1,2";
				TEST_TARGET_NAME = Customer24;
			};
			name = Release;
		};
/* End XCBuildConfiguration section */

/* Begin XCConfigurationList section */
		FDBAC67D264F03F9005E8EF3 /* Build configuration list for PBXProject "Customer24" */ = {
			isa = XCConfigurationList;
			buildConfigurations = (
				FDBAC6AD264F03FC005E8EF3 /* Debug */,
				FDBAC6AE264F03FC005E8EF3 /* Release */,
			);
			defaultConfigurationIsVisible = 0;
			defaultConfigurationName = Release;
		};
		FDBAC6AF264F03FC005E8EF3 /* Build configuration list for PBXNativeTarget "Customer24" */ = {
			isa = XCConfigurationList;
			buildConfigurations = (
				FDBAC6B0264F03FC005E8EF3 /* Debug */,
				FDBAC6B1264F03FC005E8EF3 /* Release */,
			);
			defaultConfigurationIsVisible = 0;
			defaultConfigurationName = Release;
		};
		FDBAC6B2264F03FC005E8EF3 /* Build configuration list for PBXNativeTarget "Customer24Tests" */ = {
			isa = XCConfigurationList;
			buildConfigurations = (
				FDBAC6B3264F03FC005E8EF3 /* Debug */,
				FDBAC6B4264F03FC005E8EF3 /* Release */,
			);
			defaultConfigurationIsVisible = 0;
			defaultConfigurationName = Release;
		};
		FDBAC6B5264F03FC005E8EF3 /* Build configuration list for PBXNativeTarget "Customer24UITests" */ = {
			isa = XCConfigurationList;
			buildConfigurations = (
				FDBAC6B6264F03FC005E8EF3 /* Debug */,
				FDBAC6B7264F03FC005E8EF3 /* Release */,
			);
			defaultConfigurationIsVisible = 0;
			defaultConfigurationName = Release;
		};
/* End XCConfigurationList section */

/* Begin XCVersionGroup section */
		FDBAC68E264F03F9005E8EF3 /* Customer24.xcdatamodeld */ = {
			isa = XCVersionGroup;
			children = (
				FDBAC68F264F03F9005E8EF3 /* Customer24.xcdatamodel */,
			);
			currentVersion = FDBAC68F264F03F9005E8EF3 /* Customer24.xcdatamodel */;
			path = Customer24.xcdatamodeld;
			sourceTree = "<group>";
			versionGroupType = wrapper.xcdatamodel;
		};
/* End XCVersionGroup section */
	};
	rootObject = FDBAC67A264F03F9005E8EF3 /* Project object */;
}
